
Microsoft Visual Studio Solution File, Format Version 12.00
# Visual Studio Version 16
VisualStudioVersion = 16.0.29306.81
MinimumVisualStudioVersion = 10.0.40219.1
Project("{888888A0-9F3D-457C-B088-3A5042F75D52}") = "HangmanGame2", "HangmanGame2\HangmanGame2.pyproj", "{0F2893D7-1197-4485-A808-E04C82D36CDF}"
EndProject
Global
	GlobalSection(SolutionConfigurationPlatforms) = preSolution
		Debug|Any CPU = Debug|Any CPU
		Release|Any CPU = Release|Any CPU
	EndGlobalSection
	GlobalSection(ProjectConfigurationPlatforms) = postSolution
		{0F2893D7-1197-4485-A808-E04C82D36CDF}.Debug|Any CPU.ActiveCfg = Debug|Any CPU
		{0F2893D7-1197-4485-A808-E04C82D36CDF}.Release|Any CPU.ActiveCfg = Release|Any CPU
	EndGlobalSection
	GlobalSection(SolutionProperties) = preSolution
		HideSolutionNode = FALSE
	EndGlobalSection
	GlobalSection(ExtensibilityGlobals) = postSolution
		SolutionGuid = {482340BA-DEB7-48B2-8FC0-E2A892060A83}
	EndGlobalSection
EndGlobal
